
Microsoft Visual Studio Solution File, Format Version 12.00
# Visual Studio Version 16
VisualStudioVersion = 16.0.30907.101
MinimumVisualStudioVersion = 10.0.40219.1
Project("{9A19103F-16F7-4668-BE54-9A1E7A4F7556}") = "Jonathan-Project", "Project.ConsoleUI\Jonathan-Project.csproj", "{11E39FDF-19A6-453C-BCC8-28E01B434D5B}"
EndProject
Project("{9A19103F-16F7-4668-BE54-9A1E7A4F7556}") = "Project.SQL", "Project.SQL\Project.SQL.csproj", "{9A15D6FB-B52D-49F2-A5FC-3C09B78D09DE}"
EndProject
Project("{9A19103F-16F7-4668-BE54-9A1E7A4F7556}") = "Project.Library", "Project.Library\Project.Library.csproj", "{DCEF5D13-16B8-406B-B8C7-912D8950603D}"
EndProject
Global
	GlobalSection(SolutionConfigurationPlatforms) = preSolution
		Debug|Any CPU = Debug|Any CPU
		Release|Any CPU = Release|Any CPU
	EndGlobalSection
	GlobalSection(ProjectConfigurationPlatforms) = postSolution
		{11E39FDF-19A6-453C-BCC8-28E01B434D5B}.Debug|Any CPU.ActiveCfg = Debug|Any CPU
		{11E39FDF-19A6-453C-BCC8-28E01B434D5B}.Debug|Any CPU.Build.0 = Debug|Any CPU
		{11E39FDF-19A6-453C-BCC8-28E01B434D5B}.Release|Any CPU.ActiveCfg = Release|Any CPU
		{11E39FDF-19A6-453C-BCC8-28E01B434D5B}.Release|Any CPU.Build.0 = Release|Any CPU
		{9A15D6FB-B52D-49F2-A5FC-3C09B78D09DE}.Debug|Any CPU.ActiveCfg = Debug|Any CPU
		{9A15D6FB-B52D-49F2-A5FC-3C09B78D09DE}.Debug|Any CPU.Build.0 = Debug|Any CPU
		{9A15D6FB-B52D-49F2-A5FC-3C09B78D09DE}.Release|Any CPU.ActiveCfg = Release|Any CPU
		{9A15D6FB-B52D-49F2-A5FC-3C09B78D09DE}.Release|Any CPU.Build.0 = Release|Any CPU
		{DCEF5D13-16B8-406B-B8C7-912D8950603D}.Debug|Any CPU.ActiveCfg = Debug|Any CPU
		{DCEF5D13-16B8-406B-B8C7-912D8950603D}.Debug|Any CPU.Build.0 = Debug|Any CPU
		{DCEF5D13-16B8-406B-B8C7-912D8950603D}.Release|Any CPU.ActiveCfg = Release|Any CPU
		{DCEF5D13-16B8-406B-B8C7-912D8950603D}.Release|Any CPU.Build.0 = Release|Any CPU
	EndGlobalSection
	GlobalSection(SolutionProperties) = preSolution
		HideSolutionNode = FALSE
	EndGlobalSection
	GlobalSection(ExtensibilityGlobals) = postSolution
		SolutionGuid = {4296337A-BD03-4839-943F-8C6D7494AC25}
	EndGlobalSection
EndGlobal
