
Microsoft Visual Studio Solution File, Format Version 12.00
# Visual Studio Version 16
VisualStudioVersion = 16.0.30907.101
MinimumVisualStudioVersion = 10.0.40219.1
Project("{FAE04EC0-301F-11D3-BF4B-00C04F79EFBC}") = "Jonathan-Project", "Jonathan-Project\Jonathan-Project.csproj", "{3EFBAC6E-D430-44DF-8536-6CF01B6A480C}"
EndProject
Project("{FAE04EC0-301F-11D3-BF4B-00C04F79EFBC}") = "Project-Library", "Project-Library\Project-Library.csproj", "{A92341FD-018E-41A9-B0EC-956A26C429E6}"
EndProject
Project("{FAE04EC0-301F-11D3-BF4B-00C04F79EFBC}") = "Project-Interfaces", "Project-Interfaces\Project-Interfaces.csproj", "{4C285D23-CE1A-451D-B66A-95825DB74E38}"
EndProject
Global
	GlobalSection(SolutionConfigurationPlatforms) = preSolution
		Debug|Any CPU = Debug|Any CPU
		Release|Any CPU = Release|Any CPU
	EndGlobalSection
	GlobalSection(ProjectConfigurationPlatforms) = postSolution
		{3EFBAC6E-D430-44DF-8536-6CF01B6A480C}.Debug|Any CPU.ActiveCfg = Debug|Any CPU
		{3EFBAC6E-D430-44DF-8536-6CF01B6A480C}.Debug|Any CPU.Build.0 = Debug|Any CPU
		{3EFBAC6E-D430-44DF-8536-6CF01B6A480C}.Release|Any CPU.ActiveCfg = Release|Any CPU
		{3EFBAC6E-D430-44DF-8536-6CF01B6A480C}.Release|Any CPU.Build.0 = Release|Any CPU
		{A92341FD-018E-41A9-B0EC-956A26C429E6}.Debug|Any CPU.ActiveCfg = Debug|Any CPU
		{A92341FD-018E-41A9-B0EC-956A26C429E6}.Debug|Any CPU.Build.0 = Debug|Any CPU
		{A92341FD-018E-41A9-B0EC-956A26C429E6}.Release|Any CPU.ActiveCfg = Release|Any CPU
		{A92341FD-018E-41A9-B0EC-956A26C429E6}.Release|Any CPU.Build.0 = Release|Any CPU
		{4C285D23-CE1A-451D-B66A-95825DB74E38}.Debug|Any CPU.ActiveCfg = Debug|Any CPU
		{4C285D23-CE1A-451D-B66A-95825DB74E38}.Debug|Any CPU.Build.0 = Debug|Any CPU
		{4C285D23-CE1A-451D-B66A-95825DB74E38}.Release|Any CPU.ActiveCfg = Release|Any CPU
		{4C285D23-CE1A-451D-B66A-95825DB74E38}.Release|Any CPU.Build.0 = Release|Any CPU
	EndGlobalSection
	GlobalSection(SolutionProperties) = preSolution
		HideSolutionNode = FALSE
	EndGlobalSection
	GlobalSection(ExtensibilityGlobals) = postSolution
		SolutionGuid = {4296337A-BD03-4839-943F-8C6D7494AC25}
	EndGlobalSection
EndGlobal
